%{
  "artificery": {:hex, :artificery, "0.4.3", "0bc4260f988dcb9dda4b23f9fc3c6c8b99a6220a331534fdf5bf2fd0d4333b02", [:mix], [], "hexpm", "12e95333a30e20884e937abdbefa3e7f5e05609c2ba8cf37b33f000b9ffc0504"},
  "brod": {:hex, :brod, "3.15.1", "073b0e16f4193291a05e01ae36351ddba1bda85ad4f90f66566c8123a335150e", [:rebar3], [{:kafka_protocol, "2.3.6", [hex: :kafka_protocol, repo: "hexpm", optional: false]}, {:supervisor3, "1.1.11", [hex: :supervisor3, repo: "hexpm", optional: false]}], "hexpm", "170216364cb9c72201ab59416ec7283d5e3fc094406b03210df6be0347234c4e"},
  "bunt": {:hex, :bunt, "0.2.0", "951c6e801e8b1d2cbe58ebbd3e616a869061ddadcc4863d0a2182541acae9a38", [:mix], [], "hexpm", "7af5c7e09fe1d40f76c8e4f9dd2be7cebd83909f31fee7cd0e9eadc567da8353"},
  "cache_tab": {:hex, :cache_tab, "1.0.26", "6f6086ac80b797f54a68773d9d782e054877e217f8f1e2fbc6deb1557cc3e26a", [:rebar3], [{:p1_utils, "1.0.21", [hex: :p1_utils, repo: "hexpm", optional: false]}], "hexpm", "a7f0a03e3a9d6275e4a7583a1f3088e6764dd1e362464eaa8e2fcca9c3b235c3"},
  "cowboy": {:hex, :cowboy, "1.0.4", "a324a8df9f2316c833a470d918aaf73ae894278b8aa6226ce7a9bf699388f878", [:make, :rebar], [{:cowlib, "~> 1.0.0", [hex: :cowlib, repo: "hexpm", optional: false]}, {:ranch, "~> 1.0", [hex: :ranch, repo: "hexpm", optional: false]}], "hexpm", "6a0edee96885fae3a8dd0ac1f333538a42e807db638a9453064ccfdaa6b9fdac"},
  "cowlib": {:hex, :cowlib, "1.0.2", "9d769a1d062c9c3ac753096f868ca121e2730b9a377de23dec0f7e08b1df84ee", [:make], [], "hexpm", "db622da03aa039e6366ab953e31186cc8190d32905e33788a1acb22744e6abd2"},
  "crc32cer": {:hex, :crc32cer, "0.1.4", "a656dff19474d1a1fc5bb0081610ab6b0695b23affc47fa90abeb079a8ef9752", [:rebar3], [], "hexpm", "964735a5422cf65bbc5354860a560fff546f0026f83f8860525bd58ab5bade5d"},
  "credo": {:hex, :credo, "0.10.2", "03ad3a1eff79a16664ed42fc2975b5e5d0ce243d69318060c626c34720a49512", [:mix], [{:bunt, "~> 0.2.0", [hex: :bunt, repo: "hexpm", optional: false]}, {:jason, "~> 1.0", [hex: :jason, repo: "hexpm", optional: false]}], "hexpm", "539596b6774069260d5938aa73042a2f5157e1c0215aa35f5a53d83889546d14"},
  "distillery": {:hex, :distillery, "2.1.1", "f9332afc2eec8a1a2b86f22429e068ef35f84a93ea1718265e740d90dd367814", [:mix], [{:artificery, "~> 0.2", [hex: :artificery, repo: "hexpm", optional: false]}], "hexpm", "bbc7008b0161a6f130d8d903b5b3232351fccc9c31a991f8fcbf2a12ace22995"},
  "earmark_parser": {:hex, :earmark_parser, "1.4.12", "b245e875ec0a311a342320da0551da407d9d2b65d98f7a9597ae078615af3449", [:mix], [], "hexpm", "711e2cc4d64abb7d566d43f54b78f7dc129308a63bc103fbd88550d2174b3160"},
  "eredis": {:hex, :eredis, "1.2.0", "0b8e9cfc2c00fa1374cd107ea63b49be08d933df2cf175e6a89b73dd9c380de4", [:rebar3], [], "hexpm", "d9b5abef2c2c8aba8f32aa018203e0b3dc8b1157773b254ab1d4c2002317f1e1"},
  "esip": {:hex, :esip, "1.0.39", "ec7705f685df1f9957bb7883c65e959e27b46899a9c9fa7f79e67919fc3e2bbb", [:rebar3], [{:fast_tls, "1.1.10", [hex: :fast_tls, repo: "hexpm", optional: false]}, {:p1_utils, "1.0.21", [hex: :p1_utils, repo: "hexpm", optional: false]}, {:stun, "1.0.40", [hex: :stun, repo: "hexpm", optional: false]}], "hexpm", "08f4cfe69e88d60ebbe5ccdaa36fe4f3411086832a19876497972747e089a076"},
  "ex_doc": {:hex, :ex_doc, "0.23.0", "a069bc9b0bf8efe323ecde8c0d62afc13d308b1fa3d228b65bca5cf8703a529d", [:mix], [{:earmark_parser, "~> 1.4.0", [hex: :earmark_parser, repo: "hexpm", optional: false]}, {:makeup_elixir, "~> 0.14", [hex: :makeup_elixir, repo: "hexpm", optional: false]}], "hexpm", "f5e2c4702468b2fd11b10d39416ddadd2fcdd173ba2a0285ebd92c39827a5a16"},
  "ezlib": {:hex, :ezlib, "1.0.9", "b17136b48bcf73962446b06d4427b0b6f2be4550bb5190a18a2979640271e244", [:rebar3], [], "hexpm", "fafc60a0de6e982be38f793da7b220b87a0da2969eba8a878351442b35cc2fde"},
  "fast_tls": {:hex, :fast_tls, "1.1.10", "c2a14d66d73b589c6d06841f72433611bf0360953b2e9164b1435d045bf1944d", [:rebar3], [{:p1_utils, "1.0.21", [hex: :p1_utils, repo: "hexpm", optional: false]}], "hexpm", "17fb7dac5f64b9215b57e5315f4eafd682520d5a821b5b49cbe204882375bb85"},
  "fast_xml": {:hex, :fast_xml, "1.1.45", "68eeec9a3c5e58de9164dd288523822226955d97013bd8a4d7657cf622eeb076", [:rebar3], [{:p1_utils, "1.0.21", [hex: :p1_utils, repo: "hexpm", optional: false]}], "hexpm", "2d8eb7bb642920e63f69501b7bdb596bef135fc4919d9b6895875fa88d8a63e0"},
  "fast_yaml": {:hex, :fast_yaml, "1.0.29", "02203981b9a387321a88676e8a501935df0d5d95c6b1d08c864fb9a7657c3b5b", [:rebar3], [{:p1_utils, "1.0.21", [hex: :p1_utils, repo: "hexpm", optional: false]}], "hexpm", "b6e9ed0203f40079d2c14df6f8ab9dcfdc4a71e023cfb6de732b8d3081084b10"},
  "goldrush": {:hex, :goldrush, "0.1.9", "f06e5d5f1277da5c413e84d5a2924174182fb108dabb39d5ec548b27424cd106", [:rebar3], [], "hexpm", "99cb4128cffcb3227581e5d4d803d5413fa643f4eb96523f77d9e6937d994ceb"},
  "iconv": {:hex, :iconv, "1.0.12", "b0a7ec542ee0319848a53410c72380f628a39f7b694c60cbb6e02d9eb4322a3a", [:rebar3], [{:p1_utils, "1.0.21", [hex: :p1_utils, repo: "hexpm", optional: false]}], "hexpm", "44d1185eb7f80da439c4d0664387d847844ff8d212387b45529309015b77e38f"},
  "jason": {:hex, :jason, "1.2.2", "ba43e3f2709fd1aa1dce90aaabfd039d000469c05c56f0b8e31978e03fa39052", [:mix], [{:decimal, "~> 1.0 or ~> 2.0", [hex: :decimal, repo: "hexpm", optional: true]}], "hexpm", "18a228f5f0058ee183f29f9eae0805c6e59d61c3b006760668d8d18ff0d12179"},
  "jiffy": {:hex, :jiffy, "1.0.8", "60e36f00be35e5ac6e6cf2d4caf3bdf3103d4460aff385f543a8d7df2d6d9613", [:rebar3], [], "hexpm", "f9ae986ba5a0854eb48cf6a76192d9367086da86c20197da430630be7c087a4e"},
  "kafka_protocol": {:hex, :kafka_protocol, "2.3.6", "df076a8ef49fffae3535c805cb00f3a057ce1895e63398bf8a10569eeeac02f8", [:rebar, :rebar3], [{:crc32cer, "0.1.4", [hex: :crc32cer, repo: "hexpm", optional: false]}, {:snappyer, "1.2.5", [hex: :snappyer, repo: "hexpm", optional: false]}], "hexpm", "7cb061fe46babc7fd269d2c0e5b4dba5d1efc4f7dacce85b17a9cca973106b23"},
  "lager": {:hex, :lager, "3.8.1", "652edffbbeffde78f12220e1c64f6f6bfb173a8738ce73af6ed3b1723a71c5bd", [:rebar3], [{:goldrush, "0.1.9", [hex: :goldrush, repo: "hexpm", optional: false]}], "hexpm", "f8945d2cbaab3560c2373f0808eb6262e7cff1bd2ec550fd7db38716180b7465"},
  "makeup": {:hex, :makeup, "1.0.5", "d5a830bc42c9800ce07dd97fa94669dfb93d3bf5fcf6ea7a0c67b2e0e4a7f26c", [:mix], [{:nimble_parsec, "~> 0.5 or ~> 1.0", [hex: :nimble_parsec, repo: "hexpm", optional: false]}], "hexpm", "cfa158c02d3f5c0c665d0af11512fed3fba0144cf1aadee0f2ce17747fba2ca9"},
  "makeup_elixir": {:hex, :makeup_elixir, "0.15.0", "98312c9f0d3730fde4049985a1105da5155bfe5c11e47bdc7406d88e01e4219b", [:mix], [{:makeup, "~> 1.0", [hex: :makeup, repo: "hexpm", optional: false]}, {:nimble_parsec, "~> 1.1", [hex: :nimble_parsec, repo: "hexpm", optional: false]}], "hexpm", "75ffa34ab1056b7e24844c90bfc62aaf6f3a37a15faa76b07bc5eba27e4a8b4a"},
  "meck": {:hex, :meck, "0.8.13", "ffedb39f99b0b99703b8601c6f17c7f76313ee12de6b646e671e3188401f7866", [:rebar3], [], "hexpm", "d34f013c156db51ad57cc556891b9720e6a1c1df5fe2e15af999c84d6cebeb1a"},
  "moka": {:git, "https://github.com/processone/moka.git", "3eed3a6dd7dedb70a6cd18f86c7561a18626eb3b", [tag: "1.0.5c"]},
  "nimble_parsec": {:hex, :nimble_parsec, "1.1.0", "3a6fca1550363552e54c216debb6a9e95bd8d32348938e13de5eda962c0d7f89", [:mix], [], "hexpm", "08eb32d66b706e913ff748f11694b17981c0b04a33ef470e33e11b3d3ac8f54b"},
  "p1_mysql": {:hex, :p1_mysql, "1.0.17", "1fd1eed07a0f1e79851e7a5dc17995ba42af1c1192dff978d5f17c9e096a6d8c", [:rebar3], [], "hexpm", "7da95ba3f36e50e80f6a7f89a0928c0bbe6c0a8c8a7a7432d1aa7349e5964a59"},
  "p1_oauth2": {:hex, :p1_oauth2, "0.6.8", "22b859f3694da30c45722fae860922150f74cfb149ef6176a67c514093238917", [:rebar3], [], "hexpm", "12a476d809f3123098948ee95676198008e96afbc433070a1382e5aa3d2a7b93"},
  "p1_pgsql": {:hex, :p1_pgsql, "1.1.10", "e4b19c9768ef4047f9c56090a91bfefc7337abb3809a28aa4a6538eef6ad76b0", [:rebar3], [], "hexpm", "5458c0db9e47425f8cc1f592356a29359267c624785b316b34a46ad7439e9367"},
  "p1_utils": {:hex, :p1_utils, "1.0.21", "9d6244bbd4af881e85af71655e8be5720b5b965b1bdd51a35c7871fd4142af9a", [:rebar3], [], "hexpm", "4b9b90e5863f5fed17f06427ba99b2dc37b216e4dd1308891f0903745e2fccbd"},
  "poolboy": {:hex, :poolboy, "1.5.2", "392b007a1693a64540cead79830443abf5762f5d30cf50bc95cb2c1aaafa006b", [:rebar3], [], "hexpm", "dad79704ce5440f3d5a3681c8590b9dc25d1a561e8f5a9c995281012860901e3"},
  "protobuffs": {:git, "https://github.com/processone/erlang_protobuffs.git", "cf169c3f1b5f0fe6e0ff9affada7220f0248d381", []},
  "ranch": {:hex, :ranch, "1.7.1", "6b1fab51b49196860b733a49c07604465a47bdb78aa10c1c16a3d199f7f8c881", [:rebar3], [], "hexpm", "451d8527787df716d99dc36162fca05934915db0b6141bbdac2ea8d3c7afc7d7"},
  "recon": {:hex, :recon, "2.3.6", "2bcad0cf621fb277cabbb6413159cd3aa30265c2dee42c968697988b30108604", [:rebar3], [], "hexpm", "f55198650a8ec01d3efc04797abe550c7d023e7ff8b509f373cf933032049bd8"},
  "recon_ex": {:hex, :recon_ex, "0.9.1", "51558b6eb347753dcf9c884ba68d49dbbec607fc4296815b72a0c8995d5d3203", [:mix], [{:recon, "~> 2.3.1", [hex: :recon, repo: "hexpm", optional: false]}], "hexpm", "ca124759162c082adbb29078eadb9ab102425493c94387221d1e11acd0e050f7"},
  "rfc4627_jsonrpc": {:git, "https://github.com/tonyg/erlang-rfc4627.git", "1614d95831567ae8b060ce484f7b291048edec2d", []},
  "samerlib": {:git, "https://github.com/processone/samerlib", "fbbba035b1548ac4e681df00d61bf609645333a0", [tag: "0.8.0c"]},
  "snappyer": {:hex, :snappyer, "1.2.5", "9154b9ac84031f0a799f72a4aa87df23ab2193b5631475fa2cdc304382d2df77", [:rebar3], [], "hexpm", "d2adc26a81efd5f138397a38a0bb545188d302972721f8be0de37fa452c8aed7"},
  "stringprep": {:hex, :stringprep, "1.0.24", "5a2c29785cdc1eaddcba0564cd86020e5e686fe9e66fa47a80a97333f3dc75ea", [:rebar3], [{:p1_utils, "1.0.21", [hex: :p1_utils, repo: "hexpm", optional: false]}], "hexpm", "aed7ac217493e5aa2f76066fb7bbfe0d4e94ca1ee72613dc954231422d911266"},
  "stun": {:hex, :stun, "1.0.40", "9cc25f667f4d36321a259521c3f4848a53bfebed989cf3d761790447daeec41d", [:rebar3], [{:fast_tls, "1.1.10", [hex: :fast_tls, repo: "hexpm", optional: false]}, {:p1_utils, "1.0.21", [hex: :p1_utils, repo: "hexpm", optional: false]}], "hexpm", "46073f5a05a5d6ca9de1339be990600648228c204b9a690f1b5f5dfd5a895b6a"},
  "supervisor3": {:hex, :supervisor3, "1.1.11", "d81cdec31d102fde407423e1d05b569572850deebed86b951d5233c387cba80b", [:rebar3], [], "hexpm", "e6c2dedbcabcba24995a218aca12db5e208b80d3252692b22ef0f1a266104b50"},
}
